
Microsoft Visual Studio Solution File, Format Version 12.00
# Visual Studio Version 16
VisualStudioVersion = 16.0.30002.166
MinimumVisualStudioVersion = 10.0.40219.1
Project("{FAE04EC0-301F-11D3-BF4B-00C04F79EFBC}") = "GreenVsRed", "GreenVsRed\GreenVsRed.csproj", "{B8AE68ED-ED47-434F-B97A-2A4B9CAD81CB}"
EndProject
Global
	GlobalSection(SolutionConfigurationPlatforms) = preSolution
		Debug|Any CPU = Debug|Any CPU
		Release|Any CPU = Release|Any CPU
	EndGlobalSection
	GlobalSection(ProjectConfigurationPlatforms) = postSolution
		{B8AE68ED-ED47-434F-B97A-2A4B9CAD81CB}.Debug|Any CPU.ActiveCfg = Debug|Any CPU
		{B8AE68ED-ED47-434F-B97A-2A4B9CAD81CB}.Debug|Any CPU.Build.0 = Debug|Any CPU
		{B8AE68ED-ED47-434F-B97A-2A4B9CAD81CB}.Release|Any CPU.ActiveCfg = Release|Any CPU
		{B8AE68ED-ED47-434F-B97A-2A4B9CAD81CB}.Release|Any CPU.Build.0 = Release|Any CPU
	EndGlobalSection
	GlobalSection(SolutionProperties) = preSolution
		HideSolutionNode = FALSE
	EndGlobalSection
	GlobalSection(ExtensibilityGlobals) = postSolution
		SolutionGuid = {77819B13-C3A0-479F-884E-42B1C456F208}
	EndGlobalSection
EndGlobal
